
Microsoft Visual Studio Solution File, Format Version 12.00
# Visual Studio Version 17
VisualStudioVersion = 17.3.32922.545
MinimumVisualStudioVersion = 10.0.40219.1
Project("{FAE04EC0-301F-11D3-BF4B-00C04F79EFBC}") = "UnityEngine.TestRunner", "UnityEngine.TestRunner.csproj", "{61856437-6576-C739-5801-340E4671FE33}"
EndProject
Project("{FAE04EC0-301F-11D3-BF4B-00C04F79EFBC}") = "UnityEngine.UI", "UnityEngine.UI.csproj", "{BD667E44-D50E-B0C7-93D6-85A55A674428}"
EndProject
Project("{FAE04EC0-301F-11D3-BF4B-00C04F79EFBC}") = "Unity.VisualScripting.Flow", "Unity.VisualScripting.Flow.csproj", "{FE7FFA29-A1B4-9858-FBBB-C4A79BB049CC}"
EndProject
Project("{FAE04EC0-301F-11D3-BF4B-00C04F79EFBC}") = "Unity.Mathematics", "Unity.Mathematics.csproj", "{6E6E6EE7-096B-B5AB-1143-56775BCB8E90}"
EndProject
Project("{FAE04EC0-301F-11D3-BF4B-00C04F79EFBC}") = "Unity.Services.Core.Telemetry", "Unity.Services.Core.Telemetry.csproj", "{B823FE75-B24A-A5EE-F691-8B5431349703}"
EndProject
Project("{FAE04EC0-301F-11D3-BF4B-00C04F79EFBC}") = "Unity.VisualScripting.State", "Unity.VisualScripting.State.csproj", "{A3D38994-6229-84DC-2BAF-87FBDBC832B1}"
EndProject
Project("{FAE04EC0-301F-11D3-BF4B-00C04F79EFBC}") = "Unity.VisualScripting.Core", "Unity.VisualScripting.Core.csproj", "{68658E45-B71C-DE72-9517-9063DB6FC1A8}"
EndProject
Project("{FAE04EC0-301F-11D3-BF4B-00C04F79EFBC}") = "Unity.Services.Core.Environments.Internal", "Unity.Services.Core.Environments.Internal.csproj", "{382C0B4D-33FE-807C-90B0-4EEC73B7F00F}"
EndProject
Project("{FAE04EC0-301F-11D3-BF4B-00C04F79EFBC}") = "Unity.Burst", "Unity.Burst.csproj", "{8F22246B-3E7E-57D4-6528-9C4EE8465239}"
EndProject
Project("{FAE04EC0-301F-11D3-BF4B-00C04F79EFBC}") = "Unity.2D.Animation.Runtime", "Unity.2D.Animation.Runtime.csproj", "{14618AF6-E401-220D-CEE0-09A753D2736A}"
EndProject
Project("{FAE04EC0-301F-11D3-BF4B-00C04F79EFBC}") = "Unity.TextMeshPro", "Unity.TextMeshPro.csproj", "{CAA3A22E-A44D-97FD-4F1B-6EB809933C87}"
EndProject
Project("{FAE04EC0-301F-11D3-BF4B-00C04F79EFBC}") = "Unity.Timeline", "Unity.Timeline.csproj", "{D7647950-6015-AD87-6690-C222478BD06A}"
EndProject
Project("{FAE04EC0-301F-11D3-BF4B-00C04F79EFBC}") = "Unity.Services.Core", "Unity.Services.Core.csproj", "{26629B28-68FD-0519-C511-8742C24D82FE}"
EndProject
Project("{FAE04EC0-301F-11D3-BF4B-00C04F79EFBC}") = "Unity.Services.Core.Environments", "Unity.Services.Core.Environments.csproj", "{D609973F-32F8-69CE-AE54-55607265D104}"
EndProject
Project("{FAE04EC0-301F-11D3-BF4B-00C04F79EFBC}") = "Unity.Services.Core.Internal", "Unity.Services.Core.Internal.csproj", "{868F2A32-1C41-7C6E-B75E-D6FAD70A9132}"
EndProject
Project("{FAE04EC0-301F-11D3-BF4B-00C04F79EFBC}") = "Unity.Services.Core.Analytics", "Unity.Services.Core.Analytics.csproj", "{BD2BDD41-D53F-1B16-B370-09D41C95E783}"
EndProject
Project("{FAE04EC0-301F-11D3-BF4B-00C04F79EFBC}") = "Unity.2D.SpriteShape.Runtime", "Unity.2D.SpriteShape.Runtime.csproj", "{CA099B13-EC02-BB5B-1FE0-6871392612E9}"
EndProject
Project("{FAE04EC0-301F-11D3-BF4B-00C04F79EFBC}") = "Unity.Services.Core.Scheduler", "Unity.Services.Core.Scheduler.csproj", "{32CD5646-34C3-D217-5CFB-CDE0145D2C57}"
EndProject
Project("{FAE04EC0-301F-11D3-BF4B-00C04F79EFBC}") = "Unity.Services.Core.Registration", "Unity.Services.Core.Registration.csproj", "{FCA1920B-BA37-57D3-05BF-ED605D6606A8}"
EndProject
Project("{FAE04EC0-301F-11D3-BF4B-00C04F79EFBC}") = "Unity.2D.PixelPerfect", "Unity.2D.PixelPerfect.csproj", "{818C73C0-84F1-AEA7-863A-4DC6244A88B7}"
EndProject
Project("{FAE04EC0-301F-11D3-BF4B-00C04F79EFBC}") = "Unity.2D.Common.Runtime", "Unity.2D.Common.Runtime.csproj", "{5F5673AC-6928-5208-9FC9-8CDF217891E5}"
EndProject
Project("{FAE04EC0-301F-11D3-BF4B-00C04F79EFBC}") = "Unity.2D.IK.Runtime", "Unity.2D.IK.Runtime.csproj", "{D3154A42-3254-0FCF-EEC8-0411DEABBCA6}"
EndProject
Project("{FAE04EC0-301F-11D3-BF4B-00C04F79EFBC}") = "Unity.Services.Core.Device", "Unity.Services.Core.Device.csproj", "{A2E5DF67-37D6-0978-9B7A-1F38186D6E5F}"
EndProject
Project("{FAE04EC0-301F-11D3-BF4B-00C04F79EFBC}") = "Unity.Services.Core.Threading", "Unity.Services.Core.Threading.csproj", "{3AE09A5D-9BD7-0053-3176-9B9EB8D814D0}"
EndProject
Project("{FAE04EC0-301F-11D3-BF4B-00C04F79EFBC}") = "Unity.2D.Tilemap.Extras", "Unity.2D.Tilemap.Extras.csproj", "{4DD529A5-ADEB-A9DD-8228-B395B1C65B88}"
EndProject
Project("{FAE04EC0-301F-11D3-BF4B-00C04F79EFBC}") = "Unity.Services.Core.Networking", "Unity.Services.Core.Networking.csproj", "{D81C8AF5-6E1D-BED1-8FBA-ACA02520C402}"
EndProject
Project("{FAE04EC0-301F-11D3-BF4B-00C04F79EFBC}") = "Unity.InternalAPIEngineBridge.001", "Unity.InternalAPIEngineBridge.001.csproj", "{F9AD786F-3FAA-3DC5-BAF3-01BA8BCFFD8F}"
EndProject
Project("{FAE04EC0-301F-11D3-BF4B-00C04F79EFBC}") = "Unity.Services.Core.Configuration", "Unity.Services.Core.Configuration.csproj", "{D74B4869-56C1-4817-71C1-CDD02175D102}"
EndProject
Project("{FAE04EC0-301F-11D3-BF4B-00C04F79EFBC}") = "Assembly-CSharp", "Assembly-CSharp.csproj", "{5BC8CF28-8C7E-5837-F66F-94B9199B7542}"
EndProject
Project("{FAE04EC0-301F-11D3-BF4B-00C04F79EFBC}") = "Unity.PlasticSCM.Editor", "Unity.PlasticSCM.Editor.csproj", "{A5B10E0C-240F-45E4-B563-53648D85C8E2}"
EndProject
Project("{FAE04EC0-301F-11D3-BF4B-00C04F79EFBC}") = "Unity.VisualScripting.Core.Editor", "Unity.VisualScripting.Core.Editor.csproj", "{FA5296C4-CA20-44C3-876A-CF5E498A9CE2}"
EndProject
Project("{FAE04EC0-301F-11D3-BF4B-00C04F79EFBC}") = "Unity.VisualScripting.Flow.Editor", "Unity.VisualScripting.Flow.Editor.csproj", "{84B42522-32F8-4F0D-B433-86E7A0BFE0CC}"
EndProject
Project("{FAE04EC0-301F-11D3-BF4B-00C04F79EFBC}") = "Unity.VisualStudio.Editor", "Unity.VisualStudio.Editor.csproj", "{9F43AD11-684B-19BD-84AA-BC8416558171}"
EndProject
Project("{FAE04EC0-301F-11D3-BF4B-00C04F79EFBC}") = "Unity.Timeline.Editor", "Unity.Timeline.Editor.csproj", "{5B313E70-0F17-9A7A-DFAE-0871C38275AE}"
EndProject
Project("{FAE04EC0-301F-11D3-BF4B-00C04F79EFBC}") = "Unity.VisualScripting.State.Editor", "Unity.VisualScripting.State.Editor.csproj", "{B04DCA90-C58B-1E57-3C7B-508309D7FCB6}"
EndProject
Project("{FAE04EC0-301F-11D3-BF4B-00C04F79EFBC}") = "Unity.TextMeshPro.Editor", "Unity.TextMeshPro.Editor.csproj", "{67B95D53-9933-B9B2-A0F1-517CE483F196}"
EndProject
Project("{FAE04EC0-301F-11D3-BF4B-00C04F79EFBC}") = "Unity.2D.Animation.Editor", "Unity.2D.Animation.Editor.csproj", "{B03C6E83-5429-60A2-B697-471E853AAA2D}"
EndProject
Project("{FAE04EC0-301F-11D3-BF4B-00C04F79EFBC}") = "Unity.VisualScripting.SettingsProvider.Editor", "Unity.VisualScripting.SettingsProvider.Editor.csproj", "{6E7F1B02-FA67-6D9E-C25F-05B956AF07D8}"
EndProject
Project("{FAE04EC0-301F-11D3-BF4B-00C04F79EFBC}") = "Unity.CollabProxy.Editor", "Unity.CollabProxy.Editor.csproj", "{64AEE447-1046-4B1F-3925-1D163E42BC4C}"
EndProject
Project("{FAE04EC0-301F-11D3-BF4B-00C04F79EFBC}") = "UnityEditor.TestRunner", "UnityEditor.TestRunner.csproj", "{30D2AADB-C6F1-B77B-6FEC-674A8B050C7C}"
EndProject
Project("{FAE04EC0-301F-11D3-BF4B-00C04F79EFBC}") = "Unity.2D.Tilemap.Editor", "Unity.2D.Tilemap.Editor.csproj", "{87F4EC05-0010-DD95-7F42-67A1281E3164}"
EndProject
Project("{FAE04EC0-301F-11D3-BF4B-00C04F79EFBC}") = "Unity.Services.Core.Editor", "Unity.Services.Core.Editor.csproj", "{C33DC1A6-9898-837E-29F5-BD3F30F93A1F}"
EndProject
Project("{FAE04EC0-301F-11D3-BF4B-00C04F79EFBC}") = "Unity.Rider.Editor", "Unity.Rider.Editor.csproj", "{FD123B68-CA81-3ACF-3463-7DDD1F5935C4}"
EndProject
Project("{FAE04EC0-301F-11D3-BF4B-00C04F79EFBC}") = "Unity.2D.Path.Editor", "Unity.2D.Path.Editor.csproj", "{EEEEC300-ECB9-C1FE-D821-335B8DFF2488}"
EndProject
Project("{FAE04EC0-301F-11D3-BF4B-00C04F79EFBC}") = "PsdPlugin", "PsdPlugin.csproj", "{43B93F9D-15FF-E5CD-60CE-EB36D2C8517C}"
EndProject
Project("{FAE04EC0-301F-11D3-BF4B-00C04F79EFBC}") = "Unity.2D.IK.Editor", "Unity.2D.IK.Editor.csproj", "{83FFAFF3-D8BC-3EAE-CA25-6E11BF1FD91F}"
EndProject
Project("{FAE04EC0-301F-11D3-BF4B-00C04F79EFBC}") = "Unity.2D.Psdimporter.Editor", "Unity.2D.Psdimporter.Editor.csproj", "{2096F2C8-D4F8-EFAA-58D4-51FBCC420010}"
EndProject
Project("{FAE04EC0-301F-11D3-BF4B-00C04F79EFBC}") = "Unity.2D.SpriteShape.Editor", "Unity.2D.SpriteShape.Editor.csproj", "{487C828A-BF33-343F-63B3-8A6C98AD99E0}"
EndProject
Project("{FAE04EC0-301F-11D3-BF4B-00C04F79EFBC}") = "Unity.Burst.CodeGen", "Unity.Burst.CodeGen.csproj", "{B3FBA140-219A-43B0-4879-33E0E6C2CA2F}"
EndProject
Project("{FAE04EC0-301F-11D3-BF4B-00C04F79EFBC}") = "Unity.2D.PixelPerfect.Editor", "Unity.2D.PixelPerfect.Editor.csproj", "{20A20564-6FF2-F779-F52B-1E4216483775}"
EndProject
Project("{FAE04EC0-301F-11D3-BF4B-00C04F79EFBC}") = "Unity.VSCode.Editor", "Unity.VSCode.Editor.csproj", "{0E046533-03A9-CA45-1D4B-E1624731BF71}"
EndProject
Project("{FAE04EC0-301F-11D3-BF4B-00C04F79EFBC}") = "Unity.2D.Sprite.Editor", "Unity.2D.Sprite.Editor.csproj", "{EAA371DE-88B1-DE02-27AB-5297BDDADC01}"
EndProject
Project("{FAE04EC0-301F-11D3-BF4B-00C04F79EFBC}") = "UnityEditor.UI", "UnityEditor.UI.csproj", "{3782CD0B-551E-CBFF-94E3-67FBFDF042C8}"
EndProject
Project("{FAE04EC0-301F-11D3-BF4B-00C04F79EFBC}") = "Unity.2D.Common.Editor", "Unity.2D.Common.Editor.csproj", "{59033A7D-F40C-7FD9-EF01-DBC4C425FEC2}"
EndProject
Project("{FAE04EC0-301F-11D3-BF4B-00C04F79EFBC}") = "Unity.Mathematics.Editor", "Unity.Mathematics.Editor.csproj", "{6120BF35-E07F-A1E9-794F-4DB5B0F5C401}"
EndProject
Project("{FAE04EC0-301F-11D3-BF4B-00C04F79EFBC}") = "Unity.Services.Core.Configuration.Editor", "Unity.Services.Core.Configuration.Editor.csproj", "{D2DE092D-4231-7A4C-60D4-03E1D990F2A0}"
EndProject
Project("{FAE04EC0-301F-11D3-BF4B-00C04F79EFBC}") = "Unity.2D.Tilemap.Extras.Editor", "Unity.2D.Tilemap.Extras.Editor.csproj", "{F6FC8096-2AB0-0136-278C-FB047EEBBAEC}"
EndProject
Project("{FAE04EC0-301F-11D3-BF4B-00C04F79EFBC}") = "Unity.Burst.Editor", "Unity.Burst.Editor.csproj", "{7A62EAE0-AE3E-331D-405A-1F2EBBAF52E6}"
EndProject
Project("{FAE04EC0-301F-11D3-BF4B-00C04F79EFBC}") = "Unity.InternalAPIEditorBridge.001", "Unity.InternalAPIEditorBridge.001.csproj", "{ABF28D24-E732-7C29-22B5-BE2451DACFF5}"
EndProject
Project("{FAE04EC0-301F-11D3-BF4B-00C04F79EFBC}") = "Unity.VisualScripting.Shared.Editor", "Unity.VisualScripting.Shared.Editor.csproj", "{AEA89CED-78AC-BB4E-1603-719D333AF658}"
EndProject
Global
	GlobalSection(SolutionConfigurationPlatforms) = preSolution
		Debug|Any CPU = Debug|Any CPU
		Release|Any CPU = Release|Any CPU
	EndGlobalSection
	GlobalSection(ProjectConfigurationPlatforms) = postSolution
		{61856437-6576-C739-5801-340E4671FE33}.Debug|Any CPU.ActiveCfg = Debug|Any CPU
		{61856437-6576-C739-5801-340E4671FE33}.Debug|Any CPU.Build.0 = Debug|Any CPU
		{61856437-6576-C739-5801-340E4671FE33}.Release|Any CPU.ActiveCfg = Release|Any CPU
		{61856437-6576-C739-5801-340E4671FE33}.Release|Any CPU.Build.0 = Release|Any CPU
		{BD667E44-D50E-B0C7-93D6-85A55A674428}.Debug|Any CPU.ActiveCfg = Debug|Any CPU
		{BD667E44-D50E-B0C7-93D6-85A55A674428}.Debug|Any CPU.Build.0 = Debug|Any CPU
		{BD667E44-D50E-B0C7-93D6-85A55A674428}.Release|Any CPU.ActiveCfg = Release|Any CPU
		{BD667E44-D50E-B0C7-93D6-85A55A674428}.Release|Any CPU.Build.0 = Release|Any CPU
		{FE7FFA29-A1B4-9858-FBBB-C4A79BB049CC}.Debug|Any CPU.ActiveCfg = Debug|Any CPU
		{FE7FFA29-A1B4-9858-FBBB-C4A79BB049CC}.Debug|Any CPU.Build.0 = Debug|Any CPU
		{FE7FFA29-A1B4-9858-FBBB-C4A79BB049CC}.Release|Any CPU.ActiveCfg = Release|Any CPU
		{FE7FFA29-A1B4-9858-FBBB-C4A79BB049CC}.Release|Any CPU.Build.0 = Release|Any CPU
		{6E6E6EE7-096B-B5AB-1143-56775BCB8E90}.Debug|Any CPU.ActiveCfg = Debug|Any CPU
		{6E6E6EE7-096B-B5AB-1143-56775BCB8E90}.Debug|Any CPU.Build.0 = Debug|Any CPU
		{6E6E6EE7-096B-B5AB-1143-56775BCB8E90}.Release|Any CPU.ActiveCfg = Release|Any CPU
		{6E6E6EE7-096B-B5AB-1143-56775BCB8E90}.Release|Any CPU.Build.0 = Release|Any CPU
		{B823FE75-B24A-A5EE-F691-8B5431349703}.Debug|Any CPU.ActiveCfg = Debug|Any CPU
		{B823FE75-B24A-A5EE-F691-8B5431349703}.Debug|Any CPU.Build.0 = Debug|Any CPU
		{B823FE75-B24A-A5EE-F691-8B5431349703}.Release|Any CPU.ActiveCfg = Release|Any CPU
		{B823FE75-B24A-A5EE-F691-8B5431349703}.Release|Any CPU.Build.0 = Release|Any CPU
		{A3D38994-6229-84DC-2BAF-87FBDBC832B1}.Debug|Any CPU.ActiveCfg = Debug|Any CPU
		{A3D38994-6229-84DC-2BAF-87FBDBC832B1}.Debug|Any CPU.Build.0 = Debug|Any CPU
		{A3D38994-6229-84DC-2BAF-87FBDBC832B1}.Release|Any CPU.ActiveCfg = Release|Any CPU
		{A3D38994-6229-84DC-2BAF-87FBDBC832B1}.Release|Any CPU.Build.0 = Release|Any CPU
		{68658E45-B71C-DE72-9517-9063DB6FC1A8}.Debug|Any CPU.ActiveCfg = Debug|Any CPU
		{68658E45-B71C-DE72-9517-9063DB6FC1A8}.Debug|Any CPU.Build.0 = Debug|Any CPU
		{68658E45-B71C-DE72-9517-9063DB6FC1A8}.Release|Any CPU.ActiveCfg = Release|Any CPU
		{68658E45-B71C-DE72-9517-9063DB6FC1A8}.Release|Any CPU.Build.0 = Release|Any CPU
		{382C0B4D-33FE-807C-90B0-4EEC73B7F00F}.Debug|Any CPU.ActiveCfg = Debug|Any CPU
		{382C0B4D-33FE-807C-90B0-4EEC73B7F00F}.Debug|Any CPU.Build.0 = Debug|Any CPU
		{382C0B4D-33FE-807C-90B0-4EEC73B7F00F}.Release|Any CPU.ActiveCfg = Release|Any CPU
		{382C0B4D-33FE-807C-90B0-4EEC73B7F00F}.Release|Any CPU.Build.0 = Release|Any CPU
		{8F22246B-3E7E-57D4-6528-9C4EE8465239}.Debug|Any CPU.ActiveCfg = Debug|Any CPU
		{8F22246B-3E7E-57D4-6528-9C4EE8465239}.Debug|Any CPU.Build.0 = Debug|Any CPU
		{8F22246B-3E7E-57D4-6528-9C4EE8465239}.Release|Any CPU.ActiveCfg = Release|Any CPU
		{8F22246B-3E7E-57D4-6528-9C4EE8465239}.Release|Any CPU.Build.0 = Release|Any CPU
		{14618AF6-E401-220D-CEE0-09A753D2736A}.Debug|Any CPU.ActiveCfg = Debug|Any CPU
		{14618AF6-E401-220D-CEE0-09A753D2736A}.Debug|Any CPU.Build.0 = Debug|Any CPU
		{14618AF6-E401-220D-CEE0-09A753D2736A}.Release|Any CPU.ActiveCfg = Release|Any CPU
		{14618AF6-E401-220D-CEE0-09A753D2736A}.Release|Any CPU.Build.0 = Release|Any CPU
		{CAA3A22E-A44D-97FD-4F1B-6EB809933C87}.Debug|Any CPU.ActiveCfg = Debug|Any CPU
		{CAA3A22E-A44D-97FD-4F1B-6EB809933C87}.Debug|Any CPU.Build.0 = Debug|Any CPU
		{CAA3A22E-A44D-97FD-4F1B-6EB809933C87}.Release|Any CPU.ActiveCfg = Release|Any CPU
		{CAA3A22E-A44D-97FD-4F1B-6EB809933C87}.Release|Any CPU.Build.0 = Release|Any CPU
		{D7647950-6015-AD87-6690-C222478BD06A}.Debug|Any CPU.ActiveCfg = Debug|Any CPU
		{D7647950-6015-AD87-6690-C222478BD06A}.Debug|Any CPU.Build.0 = Debug|Any CPU
		{D7647950-6015-AD87-6690-C222478BD06A}.Release|Any CPU.ActiveCfg = Release|Any CPU
		{D7647950-6015-AD87-6690-C222478BD06A}.Release|Any CPU.Build.0 = Release|Any CPU
		{26629B28-68FD-0519-C511-8742C24D82FE}.Debug|Any CPU.ActiveCfg = Debug|Any CPU
		{26629B28-68FD-0519-C511-8742C24D82FE}.Debug|Any CPU.Build.0 = Debug|Any CPU
		{26629B28-68FD-0519-C511-8742C24D82FE}.Release|Any CPU.ActiveCfg = Release|Any CPU
		{26629B28-68FD-0519-C511-8742C24D82FE}.Release|Any CPU.Build.0 = Release|Any CPU
		{D609973F-32F8-69CE-AE54-55607265D104}.Debug|Any CPU.ActiveCfg = Debug|Any CPU
		{D609973F-32F8-69CE-AE54-55607265D104}.Debug|Any CPU.Build.0 = Debug|Any CPU
		{D609973F-32F8-69CE-AE54-55607265D104}.Release|Any CPU.ActiveCfg = Release|Any CPU
		{D609973F-32F8-69CE-AE54-55607265D104}.Release|Any CPU.Build.0 = Release|Any CPU
		{868F2A32-1C41-7C6E-B75E-D6FAD70A9132}.Debug|Any CPU.ActiveCfg = Debug|Any CPU
		{868F2A32-1C41-7C6E-B75E-D6FAD70A9132}.Debug|Any CPU.Build.0 = Debug|Any CPU
		{868F2A32-1C41-7C6E-B75E-D6FAD70A9132}.Release|Any CPU.ActiveCfg = Release|Any CPU
		{868F2A32-1C41-7C6E-B75E-D6FAD70A9132}.Release|Any CPU.Build.0 = Release|Any CPU
		{BD2BDD41-D53F-1B16-B370-09D41C95E783}.Debug|Any CPU.ActiveCfg = Debug|Any CPU
		{BD2BDD41-D53F-1B16-B370-09D41C95E783}.Debug|Any CPU.Build.0 = Debug|Any CPU
		{BD2BDD41-D53F-1B16-B370-09D41C95E783}.Release|Any CPU.ActiveCfg = Release|Any CPU
		{BD2BDD41-D53F-1B16-B370-09D41C95E783}.Release|Any CPU.Build.0 = Release|Any CPU
		{CA099B13-EC02-BB5B-1FE0-6871392612E9}.Debug|Any CPU.ActiveCfg = Debug|Any CPU
		{CA099B13-EC02-BB5B-1FE0-6871392612E9}.Debug|Any CPU.Build.0 = Debug|Any CPU
		{CA099B13-EC02-BB5B-1FE0-6871392612E9}.Release|Any CPU.ActiveCfg = Release|Any CPU
		{CA099B13-EC02-BB5B-1FE0-6871392612E9}.Release|Any CPU.Build.0 = Release|Any CPU
		{32CD5646-34C3-D217-5CFB-CDE0145D2C57}.Debug|Any CPU.ActiveCfg = Debug|Any CPU
		{32CD5646-34C3-D217-5CFB-CDE0145D2C57}.Debug|Any CPU.Build.0 = Debug|Any CPU
		{32CD5646-34C3-D217-5CFB-CDE0145D2C57}.Release|Any CPU.ActiveCfg = Release|Any CPU
		{32CD5646-34C3-D217-5CFB-CDE0145D2C57}.Release|Any CPU.Build.0 = Release|Any CPU
		{FCA1920B-BA37-57D3-05BF-ED605D6606A8}.Debug|Any CPU.ActiveCfg = Debug|Any CPU
		{FCA1920B-BA37-57D3-05BF-ED605D6606A8}.Debug|Any CPU.Build.0 = Debug|Any CPU
		{FCA1920B-BA37-57D3-05BF-ED605D6606A8}.Release|Any CPU.ActiveCfg = Release|Any CPU
		{FCA1920B-BA37-57D3-05BF-ED605D6606A8}.Release|Any CPU.Build.0 = Release|Any CPU
		{818C73C0-84F1-AEA7-863A-4DC6244A88B7}.Debug|Any CPU.ActiveCfg = Debug|Any CPU
		{818C73C0-84F1-AEA7-863A-4DC6244A88B7}.Debug|Any CPU.Build.0 = Debug|Any CPU
		{818C73C0-84F1-AEA7-863A-4DC6244A88B7}.Release|Any CPU.ActiveCfg = Release|Any CPU
		{818C73C0-84F1-AEA7-863A-4DC6244A88B7}.Release|Any CPU.Build.0 = Release|Any CPU
		{5F5673AC-6928-5208-9FC9-8CDF217891E5}.Debug|Any CPU.ActiveCfg = Debug|Any CPU
		{5F5673AC-6928-5208-9FC9-8CDF217891E5}.Debug|Any CPU.Build.0 = Debug|Any CPU
		{5F5673AC-6928-5208-9FC9-8CDF217891E5}.Release|Any CPU.ActiveCfg = Release|Any CPU
		{5F5673AC-6928-5208-9FC9-8CDF217891E5}.Release|Any CPU.Build.0 = Release|Any CPU
		{D3154A42-3254-0FCF-EEC8-0411DEABBCA6}.Debug|Any CPU.ActiveCfg = Debug|Any CPU
		{D3154A42-3254-0FCF-EEC8-0411DEABBCA6}.Debug|Any CPU.Build.0 = Debug|Any CPU
		{D3154A42-3254-0FCF-EEC8-0411DEABBCA6}.Release|Any CPU.ActiveCfg = Release|Any CPU
		{D3154A42-3254-0FCF-EEC8-0411DEABBCA6}.Release|Any CPU.Build.0 = Release|Any CPU
		{A2E5DF67-37D6-0978-9B7A-1F38186D6E5F}.Debug|Any CPU.ActiveCfg = Debug|Any CPU
		{A2E5DF67-37D6-0978-9B7A-1F38186D6E5F}.Debug|Any CPU.Build.0 = Debug|Any CPU
		{A2E5DF67-37D6-0978-9B7A-1F38186D6E5F}.Release|Any CPU.ActiveCfg = Release|Any CPU
		{A2E5DF67-37D6-0978-9B7A-1F38186D6E5F}.Release|Any CPU.Build.0 = Release|Any CPU
		{3AE09A5D-9BD7-0053-3176-9B9EB8D814D0}.Debug|Any CPU.ActiveCfg = Debug|Any CPU
		{3AE09A5D-9BD7-0053-3176-9B9EB8D814D0}.Debug|Any CPU.Build.0 = Debug|Any CPU
		{3AE09A5D-9BD7-0053-3176-9B9EB8D814D0}.Release|Any CPU.ActiveCfg = Release|Any CPU
		{3AE09A5D-9BD7-0053-3176-9B9EB8D814D0}.Release|Any CPU.Build.0 = Release|Any CPU
		{4DD529A5-ADEB-A9DD-8228-B395B1C65B88}.Debug|Any CPU.ActiveCfg = Debug|Any CPU
		{4DD529A5-ADEB-A9DD-8228-B395B1C65B88}.Debug|Any CPU.Build.0 = Debug|Any CPU
		{4DD529A5-ADEB-A9DD-8228-B395B1C65B88}.Release|Any CPU.ActiveCfg = Release|Any CPU
		{4DD529A5-ADEB-A9DD-8228-B395B1C65B88}.Release|Any CPU.Build.0 = Release|Any CPU
		{D81C8AF5-6E1D-BED1-8FBA-ACA02520C402}.Debug|Any CPU.ActiveCfg = Debug|Any CPU
		{D81C8AF5-6E1D-BED1-8FBA-ACA02520C402}.Debug|Any CPU.Build.0 = Debug|Any CPU
		{D81C8AF5-6E1D-BED1-8FBA-ACA02520C402}.Release|Any CPU.ActiveCfg = Release|Any CPU
		{D81C8AF5-6E1D-BED1-8FBA-ACA02520C402}.Release|Any CPU.Build.0 = Release|Any CPU
		{F9AD786F-3FAA-3DC5-BAF3-01BA8BCFFD8F}.Debug|Any CPU.ActiveCfg = Debug|Any CPU
		{F9AD786F-3FAA-3DC5-BAF3-01BA8BCFFD8F}.Debug|Any CPU.Build.0 = Debug|Any CPU
		{F9AD786F-3FAA-3DC5-BAF3-01BA8BCFFD8F}.Release|Any CPU.ActiveCfg = Release|Any CPU
		{F9AD786F-3FAA-3DC5-BAF3-01BA8BCFFD8F}.Release|Any CPU.Build.0 = Release|Any CPU
		{D74B4869-56C1-4817-71C1-CDD02175D102}.Debug|Any CPU.ActiveCfg = Debug|Any CPU
		{D74B4869-56C1-4817-71C1-CDD02175D102}.Debug|Any CPU.Build.0 = Debug|Any CPU
		{D74B4869-56C1-4817-71C1-CDD02175D102}.Release|Any CPU.ActiveCfg = Release|Any CPU
		{D74B4869-56C1-4817-71C1-CDD02175D102}.Release|Any CPU.Build.0 = Release|Any CPU
		{5BC8CF28-8C7E-5837-F66F-94B9199B7542}.Debug|Any CPU.ActiveCfg = Debug|Any CPU
		{5BC8CF28-8C7E-5837-F66F-94B9199B7542}.Debug|Any CPU.Build.0 = Debug|Any CPU
		{5BC8CF28-8C7E-5837-F66F-94B9199B7542}.Release|Any CPU.ActiveCfg = Release|Any CPU
		{5BC8CF28-8C7E-5837-F66F-94B9199B7542}.Release|Any CPU.Build.0 = Release|Any CPU
		{A5B10E0C-240F-45E4-B563-53648D85C8E2}.Debug|Any CPU.ActiveCfg = Debug|Any CPU
		{A5B10E0C-240F-45E4-B563-53648D85C8E2}.Debug|Any CPU.Build.0 = Debug|Any CPU
		{A5B10E0C-240F-45E4-B563-53648D85C8E2}.Release|Any CPU.ActiveCfg = Release|Any CPU
		{A5B10E0C-240F-45E4-B563-53648D85C8E2}.Release|Any CPU.Build.0 = Release|Any CPU
		{FA5296C4-CA20-44C3-876A-CF5E498A9CE2}.Debug|Any CPU.ActiveCfg = Debug|Any CPU
		{FA5296C4-CA20-44C3-876A-CF5E498A9CE2}.Debug|Any CPU.Build.0 = Debug|Any CPU
		{FA5296C4-CA20-44C3-876A-CF5E498A9CE2}.Release|Any CPU.ActiveCfg = Release|Any CPU
		{FA5296C4-CA20-44C3-876A-CF5E498A9CE2}.Release|Any CPU.Build.0 = Release|Any CPU
		{84B42522-32F8-4F0D-B433-86E7A0BFE0CC}.Debug|Any CPU.ActiveCfg = Debug|Any CPU
		{84B42522-32F8-4F0D-B433-86E7A0BFE0CC}.Debug|Any CPU.Build.0 = Debug|Any CPU
		{84B42522-32F8-4F0D-B433-86E7A0BFE0CC}.Release|Any CPU.ActiveCfg = Release|Any CPU
		{84B42522-32F8-4F0D-B433-86E7A0BFE0CC}.Release|Any CPU.Build.0 = Release|Any CPU
		{9F43AD11-684B-19BD-84AA-BC8416558171}.Debug|Any CPU.ActiveCfg = Debug|Any CPU
		{9F43AD11-684B-19BD-84AA-BC8416558171}.Debug|Any CPU.Build.0 = Debug|Any CPU
		{9F43AD11-684B-19BD-84AA-BC8416558171}.Release|Any CPU.ActiveCfg = Release|Any CPU
		{9F43AD11-684B-19BD-84AA-BC8416558171}.Release|Any CPU.Build.0 = Release|Any CPU
		{5B313E70-0F17-9A7A-DFAE-0871C38275AE}.Debug|Any CPU.ActiveCfg = Debug|Any CPU
		{5B313E70-0F17-9A7A-DFAE-0871C38275AE}.Debug|Any CPU.Build.0 = Debug|Any CPU
		{5B313E70-0F17-9A7A-DFAE-0871C38275AE}.Release|Any CPU.ActiveCfg = Release|Any CPU
		{5B313E70-0F17-9A7A-DFAE-0871C38275AE}.Release|Any CPU.Build.0 = Release|Any CPU
		{B04DCA90-C58B-1E57-3C7B-508309D7FCB6}.Debug|Any CPU.ActiveCfg = Debug|Any CPU
		{B04DCA90-C58B-1E57-3C7B-508309D7FCB6}.Debug|Any CPU.Build.0 = Debug|Any CPU
		{B04DCA90-C58B-1E57-3C7B-508309D7FCB6}.Release|Any CPU.ActiveCfg = Release|Any CPU
		{B04DCA90-C58B-1E57-3C7B-508309D7FCB6}.Release|Any CPU.Build.0 = Release|Any CPU
		{67B95D53-9933-B9B2-A0F1-517CE483F196}.Debug|Any CPU.ActiveCfg = Debug|Any CPU
		{67B95D53-9933-B9B2-A0F1-517CE483F196}.Debug|Any CPU.Build.0 = Debug|Any CPU
		{67B95D53-9933-B9B2-A0F1-517CE483F196}.Release|Any CPU.ActiveCfg = Release|Any CPU
		{67B95D53-9933-B9B2-A0F1-517CE483F196}.Release|Any CPU.Build.0 = Release|Any CPU
		{B03C6E83-5429-60A2-B697-471E853AAA2D}.Debug|Any CPU.ActiveCfg = Debug|Any CPU
		{B03C6E83-5429-60A2-B697-471E853AAA2D}.Debug|Any CPU.Build.0 = Debug|Any CPU
		{B03C6E83-5429-60A2-B697-471E853AAA2D}.Release|Any CPU.ActiveCfg = Release|Any CPU
		{B03C6E83-5429-60A2-B697-471E853AAA2D}.Release|Any CPU.Build.0 = Release|Any CPU
		{6E7F1B02-FA67-6D9E-C25F-05B956AF07D8}.Debug|Any CPU.ActiveCfg = Debug|Any CPU
		{6E7F1B02-FA67-6D9E-C25F-05B956AF07D8}.Debug|Any CPU.Build.0 = Debug|Any CPU
		{6E7F1B02-FA67-6D9E-C25F-05B956AF07D8}.Release|Any CPU.ActiveCfg = Release|Any CPU
		{6E7F1B02-FA67-6D9E-C25F-05B956AF07D8}.Release|Any CPU.Build.0 = Release|Any CPU
		{64AEE447-1046-4B1F-3925-1D163E42BC4C}.Debug|Any CPU.ActiveCfg = Debug|Any CPU
		{64AEE447-1046-4B1F-3925-1D163E42BC4C}.Debug|Any CPU.Build.0 = Debug|Any CPU
		{64AEE447-1046-4B1F-3925-1D163E42BC4C}.Release|Any CPU.ActiveCfg = Release|Any CPU
		{64AEE447-1046-4B1F-3925-1D163E42BC4C}.Release|Any CPU.Build.0 = Release|Any CPU
		{30D2AADB-C6F1-B77B-6FEC-674A8B050C7C}.Debug|Any CPU.ActiveCfg = Debug|Any CPU
		{30D2AADB-C6F1-B77B-6FEC-674A8B050C7C}.Debug|Any CPU.Build.0 = Debug|Any CPU
		{30D2AADB-C6F1-B77B-6FEC-674A8B050C7C}.Release|Any CPU.ActiveCfg = Release|Any CPU
		{30D2AADB-C6F1-B77B-6FEC-674A8B050C7C}.Release|Any CPU.Build.0 = Release|Any CPU
		{87F4EC05-0010-DD95-7F42-67A1281E3164}.Debug|Any CPU.ActiveCfg = Debug|Any CPU
		{87F4EC05-0010-DD95-7F42-67A1281E3164}.Debug|Any CPU.Build.0 = Debug|Any CPU
		{87F4EC05-0010-DD95-7F42-67A1281E3164}.Release|Any CPU.ActiveCfg = Release|Any CPU
		{87F4EC05-0010-DD95-7F42-67A1281E3164}.Release|Any CPU.Build.0 = Release|Any CPU
		{C33DC1A6-9898-837E-29F5-BD3F30F93A1F}.Debug|Any CPU.ActiveCfg = Debug|Any CPU
		{C33DC1A6-9898-837E-29F5-BD3F30F93A1F}.Debug|Any CPU.Build.0 = Debug|Any CPU
		{C33DC1A6-9898-837E-29F5-BD3F30F93A1F}.Release|Any CPU.ActiveCfg = Release|Any CPU
		{C33DC1A6-9898-837E-29F5-BD3F30F93A1F}.Release|Any CPU.Build.0 = Release|Any CPU
		{FD123B68-CA81-3ACF-3463-7DDD1F5935C4}.Debug|Any CPU.ActiveCfg = Debug|Any CPU
		{FD123B68-CA81-3ACF-3463-7DDD1F5935C4}.Debug|Any CPU.Build.0 = Debug|Any CPU
		{FD123B68-CA81-3ACF-3463-7DDD1F5935C4}.Release|Any CPU.ActiveCfg = Release|Any CPU
		{FD123B68-CA81-3ACF-3463-7DDD1F5935C4}.Release|Any CPU.Build.0 = Release|Any CPU
		{EEEEC300-ECB9-C1FE-D821-335B8DFF2488}.Debug|Any CPU.ActiveCfg = Debug|Any CPU
		{EEEEC300-ECB9-C1FE-D821-335B8DFF2488}.Debug|Any CPU.Build.0 = Debug|Any CPU
		{EEEEC300-ECB9-C1FE-D821-335B8DFF2488}.Release|Any CPU.ActiveCfg = Release|Any CPU
		{EEEEC300-ECB9-C1FE-D821-335B8DFF2488}.Release|Any CPU.Build.0 = Release|Any CPU
		{43B93F9D-15FF-E5CD-60CE-EB36D2C8517C}.Debug|Any CPU.ActiveCfg = Debug|Any CPU
		{43B93F9D-15FF-E5CD-60CE-EB36D2C8517C}.Debug|Any CPU.Build.0 = Debug|Any CPU
		{43B93F9D-15FF-E5CD-60CE-EB36D2C8517C}.Release|Any CPU.ActiveCfg = Release|Any CPU
		{43B93F9D-15FF-E5CD-60CE-EB36D2C8517C}.Release|Any CPU.Build.0 = Release|Any CPU
		{83FFAFF3-D8BC-3EAE-CA25-6E11BF1FD91F}.Debug|Any CPU.ActiveCfg = Debug|Any CPU
		{83FFAFF3-D8BC-3EAE-CA25-6E11BF1FD91F}.Debug|Any CPU.Build.0 = Debug|Any CPU
		{83FFAFF3-D8BC-3EAE-CA25-6E11BF1FD91F}.Release|Any CPU.ActiveCfg = Release|Any CPU
		{83FFAFF3-D8BC-3EAE-CA25-6E11BF1FD91F}.Release|Any CPU.Build.0 = Release|Any CPU
		{2096F2C8-D4F8-EFAA-58D4-51FBCC420010}.Debug|Any CPU.ActiveCfg = Debug|Any CPU
		{2096F2C8-D4F8-EFAA-58D4-51FBCC420010}.Debug|Any CPU.Build.0 = Debug|Any CPU
		{2096F2C8-D4F8-EFAA-58D4-51FBCC420010}.Release|Any CPU.ActiveCfg = Release|Any CPU
		{2096F2C8-D4F8-EFAA-58D4-51FBCC420010}.Release|Any CPU.Build.0 = Release|Any CPU
		{487C828A-BF33-343F-63B3-8A6C98AD99E0}.Debug|Any CPU.ActiveCfg = Debug|Any CPU
		{487C828A-BF33-343F-63B3-8A6C98AD99E0}.Debug|Any CPU.Build.0 = Debug|Any CPU
		{487C828A-BF33-343F-63B3-8A6C98AD99E0}.Release|Any CPU.ActiveCfg = Release|Any CPU
		{487C828A-BF33-343F-63B3-8A6C98AD99E0}.Release|Any CPU.Build.0 = Release|Any CPU
		{B3FBA140-219A-43B0-4879-33E0E6C2CA2F}.Debug|Any CPU.ActiveCfg = Debug|Any CPU
		{B3FBA140-219A-43B0-4879-33E0E6C2CA2F}.Debug|Any CPU.Build.0 = Debug|Any CPU
		{B3FBA140-219A-43B0-4879-33E0E6C2CA2F}.Release|Any CPU.ActiveCfg = Release|Any CPU
		{B3FBA140-219A-43B0-4879-33E0E6C2CA2F}.Release|Any CPU.Build.0 = Release|Any CPU
		{20A20564-6FF2-F779-F52B-1E4216483775}.Debug|Any CPU.ActiveCfg = Debug|Any CPU
		{20A20564-6FF2-F779-F52B-1E4216483775}.Debug|Any CPU.Build.0 = Debug|Any CPU
		{20A20564-6FF2-F779-F52B-1E4216483775}.Release|Any CPU.ActiveCfg = Release|Any CPU
		{20A20564-6FF2-F779-F52B-1E4216483775}.Release|Any CPU.Build.0 = Release|Any CPU
		{0E046533-03A9-CA45-1D4B-E1624731BF71}.Debug|Any CPU.ActiveCfg = Debug|Any CPU
		{0E046533-03A9-CA45-1D4B-E1624731BF71}.Debug|Any CPU.Build.0 = Debug|Any CPU
		{0E046533-03A9-CA45-1D4B-E1624731BF71}.Release|Any CPU.ActiveCfg = Release|Any CPU
		{0E046533-03A9-CA45-1D4B-E1624731BF71}.Release|Any CPU.Build.0 = Release|Any CPU
		{EAA371DE-88B1-DE02-27AB-5297BDDADC01}.Debug|Any CPU.ActiveCfg = Debug|Any CPU
		{EAA371DE-88B1-DE02-27AB-5297BDDADC01}.Debug|Any CPU.Build.0 = Debug|Any CPU
		{EAA371DE-88B1-DE02-27AB-5297BDDADC01}.Release|Any CPU.ActiveCfg = Release|Any CPU
		{EAA371DE-88B1-DE02-27AB-5297BDDADC01}.Release|Any CPU.Build.0 = Release|Any CPU
		{3782CD0B-551E-CBFF-94E3-67FBFDF042C8}.Debug|Any CPU.ActiveCfg = Debug|Any CPU
		{3782CD0B-551E-CBFF-94E3-67FBFDF042C8}.Debug|Any CPU.Build.0 = Debug|Any CPU
		{3782CD0B-551E-CBFF-94E3-67FBFDF042C8}.Release|Any CPU.ActiveCfg = Release|Any CPU
		{3782CD0B-551E-CBFF-94E3-67FBFDF042C8}.Release|Any CPU.Build.0 = Release|Any CPU
		{59033A7D-F40C-7FD9-EF01-DBC4C425FEC2}.Debug|Any CPU.ActiveCfg = Debug|Any CPU
		{59033A7D-F40C-7FD9-EF01-DBC4C425FEC2}.Debug|Any CPU.Build.0 = Debug|Any CPU
		{59033A7D-F40C-7FD9-EF01-DBC4C425FEC2}.Release|Any CPU.ActiveCfg = Release|Any CPU
		{59033A7D-F40C-7FD9-EF01-DBC4C425FEC2}.Release|Any CPU.Build.0 = Release|Any CPU
		{6120BF35-E07F-A1E9-794F-4DB5B0F5C401}.Debug|Any CPU.ActiveCfg = Debug|Any CPU
		{6120BF35-E07F-A1E9-794F-4DB5B0F5C401}.Debug|Any CPU.Build.0 = Debug|Any CPU
		{6120BF35-E07F-A1E9-794F-4DB5B0F5C401}.Release|Any CPU.ActiveCfg = Release|Any CPU
		{6120BF35-E07F-A1E9-794F-4DB5B0F5C401}.Release|Any CPU.Build.0 = Release|Any CPU
		{D2DE092D-4231-7A4C-60D4-03E1D990F2A0}.Debug|Any CPU.ActiveCfg = Debug|Any CPU
		{D2DE092D-4231-7A4C-60D4-03E1D990F2A0}.Debug|Any CPU.Build.0 = Debug|Any CPU
		{D2DE092D-4231-7A4C-60D4-03E1D990F2A0}.Release|Any CPU.ActiveCfg = Release|Any CPU
		{D2DE092D-4231-7A4C-60D4-03E1D990F2A0}.Release|Any CPU.Build.0 = Release|Any CPU
		{F6FC8096-2AB0-0136-278C-FB047EEBBAEC}.Debug|Any CPU.ActiveCfg = Debug|Any CPU
		{F6FC8096-2AB0-0136-278C-FB047EEBBAEC}.Debug|Any CPU.Build.0 = Debug|Any CPU
		{F6FC8096-2AB0-0136-278C-FB047EEBBAEC}.Release|Any CPU.ActiveCfg = Release|Any CPU
		{F6FC8096-2AB0-0136-278C-FB047EEBBAEC}.Release|Any CPU.Build.0 = Release|Any CPU
		{7A62EAE0-AE3E-331D-405A-1F2EBBAF52E6}.Debug|Any CPU.ActiveCfg = Debug|Any CPU
		{7A62EAE0-AE3E-331D-405A-1F2EBBAF52E6}.Debug|Any CPU.Build.0 = Debug|Any CPU
		{7A62EAE0-AE3E-331D-405A-1F2EBBAF52E6}.Release|Any CPU.ActiveCfg = Release|Any CPU
		{7A62EAE0-AE3E-331D-405A-1F2EBBAF52E6}.Release|Any CPU.Build.0 = Release|Any CPU
		{ABF28D24-E732-7C29-22B5-BE2451DACFF5}.Debug|Any CPU.ActiveCfg = Debug|Any CPU
		{ABF28D24-E732-7C29-22B5-BE2451DACFF5}.Debug|Any CPU.Build.0 = Debug|Any CPU
		{ABF28D24-E732-7C29-22B5-BE2451DACFF5}.Release|Any CPU.ActiveCfg = Release|Any CPU
		{ABF28D24-E732-7C29-22B5-BE2451DACFF5}.Release|Any CPU.Build.0 = Release|Any CPU
		{AEA89CED-78AC-BB4E-1603-719D333AF658}.Debug|Any CPU.ActiveCfg = Debug|Any CPU
		{AEA89CED-78AC-BB4E-1603-719D333AF658}.Debug|Any CPU.Build.0 = Debug|Any CPU
		{AEA89CED-78AC-BB4E-1603-719D333AF658}.Release|Any CPU.ActiveCfg = Release|Any CPU
		{AEA89CED-78AC-BB4E-1603-719D333AF658}.Release|Any CPU.Build.0 = Release|Any CPU
	EndGlobalSection
	GlobalSection(SolutionProperties) = preSolution
		HideSolutionNode = FALSE
	EndGlobalSection
	GlobalSection(ExtensibilityGlobals) = postSolution
		SolutionGuid = {183B45E1-C54D-42A7-B422-7E1307CAB606}
	EndGlobalSection
EndGlobal
